
Microsoft Visual Studio Solution File, Format Version 12.00
# Visual Studio 15
VisualStudioVersion = 15.0.27428.2015
MinimumVisualStudioVersion = 10.0.40219.1
Project("{9A19103F-16F7-4668-BE54-9A1E7A4F7556}") = "Livis.Market", "Livis.Market\Livis.Market.csproj", "{AE858349-3279-440F-BB91-0472C531CD0A}"
EndProject
Project("{9A19103F-16F7-4668-BE54-9A1E7A4F7556}") = "Livis.Market.Data", "Livis.Market.Data\Livis.Market.Data.csproj", "{C4DA9DA4-21C8-4903-B694-A1CE34C5B877}"
EndProject
Project("{9A19103F-16F7-4668-BE54-9A1E7A4F7556}") = "Livis.Market.Infrastructure", "Livis.Market.Infrastructure\Livis.Market.Infrastructure.csproj", "{C4FFC89D-593C-46DD-8B77-03F824DB119A}"
EndProject
Project("{9A19103F-16F7-4668-BE54-9A1E7A4F7556}") = "Livis.Market.Caching", "Livis.Market.Caching\Livis.Market.Caching.csproj", "{505E67A3-E42C-4EC6-9D63-7FAC67114837}"
EndProject
Project("{9A19103F-16F7-4668-BE54-9A1E7A4F7556}") = "Livis.Market.Validation", "Livis.Market.Validation\Livis.Market.Validation.csproj", "{1A775DB6-B358-403E-89F4-2EC076D53480}"
EndProject
Project("{9A19103F-16F7-4668-BE54-9A1E7A4F7556}") = "Livis.Market.Preprocessing", "Livis.Market.Preprocessing\Livis.Market.Preprocessing.csproj", "{020BDA7F-CEFA-4CFE-A363-310A36AF168E}"
EndProject
Project("{9A19103F-16F7-4668-BE54-9A1E7A4F7556}") = "Livis.Market.Postprocessing", "Livis.Market.Postprocessing\Livis.Market.Postprocessing.csproj", "{B3866938-721E-4E0C-859E-0A62232D732C}"
EndProject
Project("{9A19103F-16F7-4668-BE54-9A1E7A4F7556}") = "Livis.Market.Autofac", "Livis.Market.Autofac\Livis.Market.Autofac.csproj", "{2F496BB4-D12C-45F8-BD43-D3E027B9F7B6}"
EndProject
Project("{9A19103F-16F7-4668-BE54-9A1E7A4F7556}") = "Livis.Market.All", "Livis.Market.All\Livis.Market.All.csproj", "{4FA2FDCE-6C5C-40F0-8F2C-BA232B9BDB37}"
EndProject
Project("{2150E333-8FDC-42A3-9474-1A3956D46DE8}") = "Plugin", "Plugin", "{CDE9FDD0-EE84-4E3F-B5D1-D7CD238C7D1F}"
EndProject
Project("{2150E333-8FDC-42A3-9474-1A3956D46DE8}") = "IdentityAccess", "IdentityAccess", "{C1974FD1-5B95-45F0-B609-D9616D8020DB}"
EndProject
Project("{9A19103F-16F7-4668-BE54-9A1E7A4F7556}") = "LivinMarket.IdentityAccess", "LivinMarket.IdentityAccess\LivinMarket.IdentityAccess.csproj", "{413510CE-0C18-4536-B896-9B9B9D4AF478}"
EndProject
Project("{9A19103F-16F7-4668-BE54-9A1E7A4F7556}") = "Livis.Market.Utilities", "Livis.Market.Utilities\Livis.Market.Utilities.csproj", "{95EA9B44-8325-41DE-A1D5-73F115568994}"
EndProject
Project("{9A19103F-16F7-4668-BE54-9A1E7A4F7556}") = "LivinMarket.IdentityAccess.Autofac", "LivinMarket.IdentityAccess.Autofac\LivinMarket.IdentityAccess.Autofac.csproj", "{F63881C4-0CBE-4EBF-A19B-08A6BE5927E8}"
EndProject
Project("{2150E333-8FDC-42A3-9474-1A3956D46DE8}") = "Product", "Product", "{27570271-5122-4723-A43D-A5A2E3AA0E60}"
EndProject
Project("{2150E333-8FDC-42A3-9474-1A3956D46DE8}") = "Address", "Address", "{AE490CDE-5D2D-4A1F-A466-9D1BB3F77206}"
EndProject
Project("{2150E333-8FDC-42A3-9474-1A3956D46DE8}") = "Contact", "Contact", "{98AA543B-0693-4EC3-897C-C8E98676E9AD}"
EndProject
Project("{2150E333-8FDC-42A3-9474-1A3956D46DE8}") = "Order", "Order", "{070C3B58-A6B9-41D4-A6F2-378A6EB0D6E3}"
EndProject
Project("{2150E333-8FDC-42A3-9474-1A3956D46DE8}") = "Payment", "Payment", "{1607E3FF-8C78-4633-AC9B-EA9986E74690}"
EndProject
Project("{9A19103F-16F7-4668-BE54-9A1E7A4F7556}") = "LivinMarket.Address", "LivinMarket.Address\LivinMarket.Address.csproj", "{A0F576E4-F27A-408A-AD85-A63427ABE125}"
EndProject
Project("{9A19103F-16F7-4668-BE54-9A1E7A4F7556}") = "LivinMarket.Contact", "LivinMarket.Contact\LivinMarket.Contact.csproj", "{E83A16C0-537B-4966-8ED5-63F12B176521}"
EndProject
Project("{9A19103F-16F7-4668-BE54-9A1E7A4F7556}") = "LivinMarket.Order", "LivinMarket.Order\LivinMarket.Order.csproj", "{2387BBBB-9D1A-4D30-B68C-13FB1B2196B0}"
EndProject
Project("{9A19103F-16F7-4668-BE54-9A1E7A4F7556}") = "LivinMarket.Payment", "LivinMarket.Payment\LivinMarket.Payment.csproj", "{8CEFA024-C851-4FE1-AFD3-D8F3B57872EB}"
EndProject
Project("{9A19103F-16F7-4668-BE54-9A1E7A4F7556}") = "LivinMarket.Product", "LivinMarket.Product\LivinMarket.Product.csproj", "{0A526A82-47F1-44D3-93E2-39F41FCAE059}"
EndProject
Project("{9A19103F-16F7-4668-BE54-9A1E7A4F7556}") = "LivinMarket.Address.Autofac", "LivinMarket.Address.Autofac\LivinMarket.Address.Autofac.csproj", "{48B95351-8EB7-444D-BB08-9CED2C8499C9}"
EndProject
Project("{9A19103F-16F7-4668-BE54-9A1E7A4F7556}") = "LivinMarket.Contact.Autofac", "LivinMarket.Contact.Autofac\LivinMarket.Contact.Autofac.csproj", "{2D735328-419D-4F72-8332-89C92B3BCA01}"
EndProject
Project("{9A19103F-16F7-4668-BE54-9A1E7A4F7556}") = "LivinMarket.Order.Autofac", "LivinMarket.Order.Autofac\LivinMarket.Order.Autofac.csproj", "{46950754-6A76-4FD3-86AA-377867963278}"
EndProject
Project("{9A19103F-16F7-4668-BE54-9A1E7A4F7556}") = "LivinMarket.Payment.Autofac", "LivinMarket.Payment.Autofac\LivinMarket.Payment.Autofac.csproj", "{B1B44712-759F-49DA-AF64-9190858D5100}"
EndProject
Project("{9A19103F-16F7-4668-BE54-9A1E7A4F7556}") = "LivinMarket.Product.Autofac", "LivinMarket.Product.Autofac\LivinMarket.Product.Autofac.csproj", "{BE48FFF1-D39F-41E1-8885-6762A7EF9721}"
EndProject
Project("{9A19103F-16F7-4668-BE54-9A1E7A4F7556}") = "Livis.Common", "Livis.Common\Livis.Common.csproj", "{538BBC28-83FF-4C22-8DB5-ED3625860655}"
EndProject
Project("{2150E333-8FDC-42A3-9474-1A3956D46DE8}") = "Organisation", "Organisation", "{6484AE3B-61C2-44CB-A005-C3B673558D57}"
EndProject
Project("{FAE04EC0-301F-11D3-BF4B-00C04F79EFBC}") = "LivinMarket.Organisation", "LivinMarket.Organisation\LivinMarket.Organisation.csproj", "{3A6D9EA1-9128-49F7-A889-E0947743620C}"
EndProject
Project("{FAE04EC0-301F-11D3-BF4B-00C04F79EFBC}") = "LivinMarket.Organisation.Autofac", "LivinMarket.Organisation.Autofac\LivinMarket.Organisation.Autofac.csproj", "{D174063C-BE09-46B2-9CC2-533F063364B4}"
EndProject
Global
	GlobalSection(SolutionConfigurationPlatforms) = preSolution
		Debug|Any CPU = Debug|Any CPU
		Release|Any CPU = Release|Any CPU
	EndGlobalSection
	GlobalSection(ProjectConfigurationPlatforms) = postSolution
		{AE858349-3279-440F-BB91-0472C531CD0A}.Debug|Any CPU.ActiveCfg = Debug|Any CPU
		{AE858349-3279-440F-BB91-0472C531CD0A}.Debug|Any CPU.Build.0 = Debug|Any CPU
		{AE858349-3279-440F-BB91-0472C531CD0A}.Release|Any CPU.ActiveCfg = Release|Any CPU
		{AE858349-3279-440F-BB91-0472C531CD0A}.Release|Any CPU.Build.0 = Release|Any CPU
		{C4DA9DA4-21C8-4903-B694-A1CE34C5B877}.Debug|Any CPU.ActiveCfg = Debug|Any CPU
		{C4DA9DA4-21C8-4903-B694-A1CE34C5B877}.Debug|Any CPU.Build.0 = Debug|Any CPU
		{C4DA9DA4-21C8-4903-B694-A1CE34C5B877}.Release|Any CPU.ActiveCfg = Release|Any CPU
		{C4DA9DA4-21C8-4903-B694-A1CE34C5B877}.Release|Any CPU.Build.0 = Release|Any CPU
		{C4FFC89D-593C-46DD-8B77-03F824DB119A}.Debug|Any CPU.ActiveCfg = Debug|Any CPU
		{C4FFC89D-593C-46DD-8B77-03F824DB119A}.Debug|Any CPU.Build.0 = Debug|Any CPU
		{C4FFC89D-593C-46DD-8B77-03F824DB119A}.Release|Any CPU.ActiveCfg = Release|Any CPU
		{C4FFC89D-593C-46DD-8B77-03F824DB119A}.Release|Any CPU.Build.0 = Release|Any CPU
		{505E67A3-E42C-4EC6-9D63-7FAC67114837}.Debug|Any CPU.ActiveCfg = Debug|Any CPU
		{505E67A3-E42C-4EC6-9D63-7FAC67114837}.Debug|Any CPU.Build.0 = Debug|Any CPU
		{505E67A3-E42C-4EC6-9D63-7FAC67114837}.Release|Any CPU.ActiveCfg = Release|Any CPU
		{505E67A3-E42C-4EC6-9D63-7FAC67114837}.Release|Any CPU.Build.0 = Release|Any CPU
		{1A775DB6-B358-403E-89F4-2EC076D53480}.Debug|Any CPU.ActiveCfg = Debug|Any CPU
		{1A775DB6-B358-403E-89F4-2EC076D53480}.Debug|Any CPU.Build.0 = Debug|Any CPU
		{1A775DB6-B358-403E-89F4-2EC076D53480}.Release|Any CPU.ActiveCfg = Release|Any CPU
		{1A775DB6-B358-403E-89F4-2EC076D53480}.Release|Any CPU.Build.0 = Release|Any CPU
		{020BDA7F-CEFA-4CFE-A363-310A36AF168E}.Debug|Any CPU.ActiveCfg = Debug|Any CPU
		{020BDA7F-CEFA-4CFE-A363-310A36AF168E}.Debug|Any CPU.Build.0 = Debug|Any CPU
		{020BDA7F-CEFA-4CFE-A363-310A36AF168E}.Release|Any CPU.ActiveCfg = Release|Any CPU
		{020BDA7F-CEFA-4CFE-A363-310A36AF168E}.Release|Any CPU.Build.0 = Release|Any CPU
		{B3866938-721E-4E0C-859E-0A62232D732C}.Debug|Any CPU.ActiveCfg = Debug|Any CPU
		{B3866938-721E-4E0C-859E-0A62232D732C}.Debug|Any CPU.Build.0 = Debug|Any CPU
		{B3866938-721E-4E0C-859E-0A62232D732C}.Release|Any CPU.ActiveCfg = Release|Any CPU
		{B3866938-721E-4E0C-859E-0A62232D732C}.Release|Any CPU.Build.0 = Release|Any CPU
		{2F496BB4-D12C-45F8-BD43-D3E027B9F7B6}.Debug|Any CPU.ActiveCfg = Debug|Any CPU
		{2F496BB4-D12C-45F8-BD43-D3E027B9F7B6}.Debug|Any CPU.Build.0 = Debug|Any CPU
		{2F496BB4-D12C-45F8-BD43-D3E027B9F7B6}.Release|Any CPU.ActiveCfg = Release|Any CPU
		{2F496BB4-D12C-45F8-BD43-D3E027B9F7B6}.Release|Any CPU.Build.0 = Release|Any CPU
		{4FA2FDCE-6C5C-40F0-8F2C-BA232B9BDB37}.Debug|Any CPU.ActiveCfg = Debug|Any CPU
		{4FA2FDCE-6C5C-40F0-8F2C-BA232B9BDB37}.Debug|Any CPU.Build.0 = Debug|Any CPU
		{4FA2FDCE-6C5C-40F0-8F2C-BA232B9BDB37}.Release|Any CPU.ActiveCfg = Release|Any CPU
		{4FA2FDCE-6C5C-40F0-8F2C-BA232B9BDB37}.Release|Any CPU.Build.0 = Release|Any CPU
		{413510CE-0C18-4536-B896-9B9B9D4AF478}.Debug|Any CPU.ActiveCfg = Debug|Any CPU
		{413510CE-0C18-4536-B896-9B9B9D4AF478}.Debug|Any CPU.Build.0 = Debug|Any CPU
		{413510CE-0C18-4536-B896-9B9B9D4AF478}.Release|Any CPU.ActiveCfg = Release|Any CPU
		{413510CE-0C18-4536-B896-9B9B9D4AF478}.Release|Any CPU.Build.0 = Release|Any CPU
		{95EA9B44-8325-41DE-A1D5-73F115568994}.Debug|Any CPU.ActiveCfg = Debug|Any CPU
		{95EA9B44-8325-41DE-A1D5-73F115568994}.Debug|Any CPU.Build.0 = Debug|Any CPU
		{95EA9B44-8325-41DE-A1D5-73F115568994}.Release|Any CPU.ActiveCfg = Release|Any CPU
		{95EA9B44-8325-41DE-A1D5-73F115568994}.Release|Any CPU.Build.0 = Release|Any CPU
		{F63881C4-0CBE-4EBF-A19B-08A6BE5927E8}.Debug|Any CPU.ActiveCfg = Debug|Any CPU
		{F63881C4-0CBE-4EBF-A19B-08A6BE5927E8}.Debug|Any CPU.Build.0 = Debug|Any CPU
		{F63881C4-0CBE-4EBF-A19B-08A6BE5927E8}.Release|Any CPU.ActiveCfg = Release|Any CPU
		{F63881C4-0CBE-4EBF-A19B-08A6BE5927E8}.Release|Any CPU.Build.0 = Release|Any CPU
		{A0F576E4-F27A-408A-AD85-A63427ABE125}.Debug|Any CPU.ActiveCfg = Debug|Any CPU
		{A0F576E4-F27A-408A-AD85-A63427ABE125}.Debug|Any CPU.Build.0 = Debug|Any CPU
		{A0F576E4-F27A-408A-AD85-A63427ABE125}.Release|Any CPU.ActiveCfg = Release|Any CPU
		{A0F576E4-F27A-408A-AD85-A63427ABE125}.Release|Any CPU.Build.0 = Release|Any CPU
		{E83A16C0-537B-4966-8ED5-63F12B176521}.Debug|Any CPU.ActiveCfg = Debug|Any CPU
		{E83A16C0-537B-4966-8ED5-63F12B176521}.Debug|Any CPU.Build.0 = Debug|Any CPU
		{E83A16C0-537B-4966-8ED5-63F12B176521}.Release|Any CPU.ActiveCfg = Release|Any CPU
		{E83A16C0-537B-4966-8ED5-63F12B176521}.Release|Any CPU.Build.0 = Release|Any CPU
		{2387BBBB-9D1A-4D30-B68C-13FB1B2196B0}.Debug|Any CPU.ActiveCfg = Debug|Any CPU
		{2387BBBB-9D1A-4D30-B68C-13FB1B2196B0}.Debug|Any CPU.Build.0 = Debug|Any CPU
		{2387BBBB-9D1A-4D30-B68C-13FB1B2196B0}.Release|Any CPU.ActiveCfg = Release|Any CPU
		{2387BBBB-9D1A-4D30-B68C-13FB1B2196B0}.Release|Any CPU.Build.0 = Release|Any CPU
		{8CEFA024-C851-4FE1-AFD3-D8F3B57872EB}.Debug|Any CPU.ActiveCfg = Debug|Any CPU
		{8CEFA024-C851-4FE1-AFD3-D8F3B57872EB}.Debug|Any CPU.Build.0 = Debug|Any CPU
		{8CEFA024-C851-4FE1-AFD3-D8F3B57872EB}.Release|Any CPU.ActiveCfg = Release|Any CPU
		{8CEFA024-C851-4FE1-AFD3-D8F3B57872EB}.Release|Any CPU.Build.0 = Release|Any CPU
		{0A526A82-47F1-44D3-93E2-39F41FCAE059}.Debug|Any CPU.ActiveCfg = Debug|Any CPU
		{0A526A82-47F1-44D3-93E2-39F41FCAE059}.Debug|Any CPU.Build.0 = Debug|Any CPU
		{0A526A82-47F1-44D3-93E2-39F41FCAE059}.Release|Any CPU.ActiveCfg = Release|Any CPU
		{0A526A82-47F1-44D3-93E2-39F41FCAE059}.Release|Any CPU.Build.0 = Release|Any CPU
		{48B95351-8EB7-444D-BB08-9CED2C8499C9}.Debug|Any CPU.ActiveCfg = Debug|Any CPU
		{48B95351-8EB7-444D-BB08-9CED2C8499C9}.Debug|Any CPU.Build.0 = Debug|Any CPU
		{48B95351-8EB7-444D-BB08-9CED2C8499C9}.Release|Any CPU.ActiveCfg = Release|Any CPU
		{48B95351-8EB7-444D-BB08-9CED2C8499C9}.Release|Any CPU.Build.0 = Release|Any CPU
		{2D735328-419D-4F72-8332-89C92B3BCA01}.Debug|Any CPU.ActiveCfg = Debug|Any CPU
		{2D735328-419D-4F72-8332-89C92B3BCA01}.Debug|Any CPU.Build.0 = Debug|Any CPU
		{2D735328-419D-4F72-8332-89C92B3BCA01}.Release|Any CPU.ActiveCfg = Release|Any CPU
		{2D735328-419D-4F72-8332-89C92B3BCA01}.Release|Any CPU.Build.0 = Release|Any CPU
		{46950754-6A76-4FD3-86AA-377867963278}.Debug|Any CPU.ActiveCfg = Debug|Any CPU
		{46950754-6A76-4FD3-86AA-377867963278}.Debug|Any CPU.Build.0 = Debug|Any CPU
		{46950754-6A76-4FD3-86AA-377867963278}.Release|Any CPU.ActiveCfg = Release|Any CPU
		{46950754-6A76-4FD3-86AA-377867963278}.Release|Any CPU.Build.0 = Release|Any CPU
		{B1B44712-759F-49DA-AF64-9190858D5100}.Debug|Any CPU.ActiveCfg = Debug|Any CPU
		{B1B44712-759F-49DA-AF64-9190858D5100}.Debug|Any CPU.Build.0 = Debug|Any CPU
		{B1B44712-759F-49DA-AF64-9190858D5100}.Release|Any CPU.ActiveCfg = Release|Any CPU
		{B1B44712-759F-49DA-AF64-9190858D5100}.Release|Any CPU.Build.0 = Release|Any CPU
		{BE48FFF1-D39F-41E1-8885-6762A7EF9721}.Debug|Any CPU.ActiveCfg = Debug|Any CPU
		{BE48FFF1-D39F-41E1-8885-6762A7EF9721}.Debug|Any CPU.Build.0 = Debug|Any CPU
		{BE48FFF1-D39F-41E1-8885-6762A7EF9721}.Release|Any CPU.ActiveCfg = Release|Any CPU
		{BE48FFF1-D39F-41E1-8885-6762A7EF9721}.Release|Any CPU.Build.0 = Release|Any CPU
		{538BBC28-83FF-4C22-8DB5-ED3625860655}.Debug|Any CPU.ActiveCfg = Debug|Any CPU
		{538BBC28-83FF-4C22-8DB5-ED3625860655}.Debug|Any CPU.Build.0 = Debug|Any CPU
		{538BBC28-83FF-4C22-8DB5-ED3625860655}.Release|Any CPU.ActiveCfg = Release|Any CPU
		{538BBC28-83FF-4C22-8DB5-ED3625860655}.Release|Any CPU.Build.0 = Release|Any CPU
		{3A6D9EA1-9128-49F7-A889-E0947743620C}.Debug|Any CPU.ActiveCfg = Debug|Any CPU
		{3A6D9EA1-9128-49F7-A889-E0947743620C}.Debug|Any CPU.Build.0 = Debug|Any CPU
		{3A6D9EA1-9128-49F7-A889-E0947743620C}.Release|Any CPU.ActiveCfg = Release|Any CPU
		{3A6D9EA1-9128-49F7-A889-E0947743620C}.Release|Any CPU.Build.0 = Release|Any CPU
		{D174063C-BE09-46B2-9CC2-533F063364B4}.Debug|Any CPU.ActiveCfg = Debug|Any CPU
		{D174063C-BE09-46B2-9CC2-533F063364B4}.Debug|Any CPU.Build.0 = Debug|Any CPU
		{D174063C-BE09-46B2-9CC2-533F063364B4}.Release|Any CPU.ActiveCfg = Release|Any CPU
		{D174063C-BE09-46B2-9CC2-533F063364B4}.Release|Any CPU.Build.0 = Release|Any CPU
	EndGlobalSection
	GlobalSection(SolutionProperties) = preSolution
		HideSolutionNode = FALSE
	EndGlobalSection
	GlobalSection(NestedProjects) = preSolution
		{C1974FD1-5B95-45F0-B609-D9616D8020DB} = {CDE9FDD0-EE84-4E3F-B5D1-D7CD238C7D1F}
		{413510CE-0C18-4536-B896-9B9B9D4AF478} = {C1974FD1-5B95-45F0-B609-D9616D8020DB}
		{F63881C4-0CBE-4EBF-A19B-08A6BE5927E8} = {C1974FD1-5B95-45F0-B609-D9616D8020DB}
		{27570271-5122-4723-A43D-A5A2E3AA0E60} = {CDE9FDD0-EE84-4E3F-B5D1-D7CD238C7D1F}
		{AE490CDE-5D2D-4A1F-A466-9D1BB3F77206} = {CDE9FDD0-EE84-4E3F-B5D1-D7CD238C7D1F}
		{98AA543B-0693-4EC3-897C-C8E98676E9AD} = {CDE9FDD0-EE84-4E3F-B5D1-D7CD238C7D1F}
		{070C3B58-A6B9-41D4-A6F2-378A6EB0D6E3} = {CDE9FDD0-EE84-4E3F-B5D1-D7CD238C7D1F}
		{1607E3FF-8C78-4633-AC9B-EA9986E74690} = {CDE9FDD0-EE84-4E3F-B5D1-D7CD238C7D1F}
		{A0F576E4-F27A-408A-AD85-A63427ABE125} = {AE490CDE-5D2D-4A1F-A466-9D1BB3F77206}
		{E83A16C0-537B-4966-8ED5-63F12B176521} = {98AA543B-0693-4EC3-897C-C8E98676E9AD}
		{2387BBBB-9D1A-4D30-B68C-13FB1B2196B0} = {070C3B58-A6B9-41D4-A6F2-378A6EB0D6E3}
		{8CEFA024-C851-4FE1-AFD3-D8F3B57872EB} = {1607E3FF-8C78-4633-AC9B-EA9986E74690}
		{0A526A82-47F1-44D3-93E2-39F41FCAE059} = {27570271-5122-4723-A43D-A5A2E3AA0E60}
		{48B95351-8EB7-444D-BB08-9CED2C8499C9} = {AE490CDE-5D2D-4A1F-A466-9D1BB3F77206}
		{2D735328-419D-4F72-8332-89C92B3BCA01} = {98AA543B-0693-4EC3-897C-C8E98676E9AD}
		{46950754-6A76-4FD3-86AA-377867963278} = {070C3B58-A6B9-41D4-A6F2-378A6EB0D6E3}
		{B1B44712-759F-49DA-AF64-9190858D5100} = {1607E3FF-8C78-4633-AC9B-EA9986E74690}
		{BE48FFF1-D39F-41E1-8885-6762A7EF9721} = {27570271-5122-4723-A43D-A5A2E3AA0E60}
		{6484AE3B-61C2-44CB-A005-C3B673558D57} = {CDE9FDD0-EE84-4E3F-B5D1-D7CD238C7D1F}
		{3A6D9EA1-9128-49F7-A889-E0947743620C} = {6484AE3B-61C2-44CB-A005-C3B673558D57}
		{D174063C-BE09-46B2-9CC2-533F063364B4} = {6484AE3B-61C2-44CB-A005-C3B673558D57}
	EndGlobalSection
	GlobalSection(ExtensibilityGlobals) = postSolution
		SolutionGuid = {EDDDCE86-9C53-4772-8EE3-DA4ADF1975C0}
	EndGlobalSection
EndGlobal
